
Microsoft Visual Studio Solution File, Format Version 12.00
# Visual Studio Version 16
VisualStudioVersion = 16.0.30517.126
MinimumVisualStudioVersion = 10.0.40219.1
Project("{FAE04EC0-301F-11D3-BF4B-00C04F79EFBC}") = "SantaGame", "SantaGame\SantaGame.csproj", "{3A5D2419-31DF-41FA-9AD8-2573BC41899B}"
EndProject
Global
	GlobalSection(SolutionConfigurationPlatforms) = preSolution
		Debug|Any CPU = Debug|Any CPU
		Release|Any CPU = Release|Any CPU
	EndGlobalSection
	GlobalSection(ProjectConfigurationPlatforms) = postSolution
		{3A5D2419-31DF-41FA-9AD8-2573BC41899B}.Debug|Any CPU.ActiveCfg = Debug|Any CPU
		{3A5D2419-31DF-41FA-9AD8-2573BC41899B}.Debug|Any CPU.Build.0 = Debug|Any CPU
		{3A5D2419-31DF-41FA-9AD8-2573BC41899B}.Release|Any CPU.ActiveCfg = Release|Any CPU
		{3A5D2419-31DF-41FA-9AD8-2573BC41899B}.Release|Any CPU.Build.0 = Release|Any CPU
	EndGlobalSection
	GlobalSection(SolutionProperties) = preSolution
		HideSolutionNode = FALSE
	EndGlobalSection
	GlobalSection(ExtensibilityGlobals) = postSolution
		SolutionGuid = {1702C988-D5EB-472C-8FE8-6EF0AE839A21}
	EndGlobalSection
EndGlobal
